
Microsoft Visual Studio Solution File, Format Version 12.00
# Visual Studio Version 16
VisualStudioVersion = 16.0.31424.327
MinimumVisualStudioVersion = 10.0.40219.1
Project("{2150E333-8FDC-42A3-9474-1A3956D46DE8}") = "Services", "Services", "{0D70F8A7-0396-4E10-9492-7A0074E88DCD}"
EndProject
Project("{2150E333-8FDC-42A3-9474-1A3956D46DE8}") = "WebApps", "WebApps", "{0785946F-2FBB-4202-B835-A1C63240F71E}"
EndProject
Project("{2150E333-8FDC-42A3-9474-1A3956D46DE8}") = "Registrations", "Registrations", "{60E6CAE7-ABC5-4601-B2A0-49807C9F2FFD}"
EndProject
Project("{2150E333-8FDC-42A3-9474-1A3956D46DE8}") = "Catalog", "Catalog", "{C7D1D6D7-49D2-4549-9C73-3135D95A88D4}"
EndProject
Project("{2150E333-8FDC-42A3-9474-1A3956D46DE8}") = "Core", "Core", "{37A07A9D-2BB7-4E2F-8802-F25137C8F5D9}"
EndProject
Project("{2150E333-8FDC-42A3-9474-1A3956D46DE8}") = "Fiscal", "Fiscal", "{5C2CC579-B9E0-4F41-B0AF-DF72A8324A0D}"
EndProject
Project("{2150E333-8FDC-42A3-9474-1A3956D46DE8}") = "Payments", "Payments", "{1FE04C79-81FF-41E0-A3F9-7BB05F57B214}"
EndProject
Project("{2150E333-8FDC-42A3-9474-1A3956D46DE8}") = "Sales", "Sales", "{58CAB463-9670-4E6F-9B12-79C0CBDE5B2D}"
EndProject
Project("{9A19103F-16F7-4668-BE54-9A1E7A4F7556}") = "KlingerStore.Catalog.Domain", "src\KlingerStore.Catalog.Domain\KlingerStore.Catalog.Domain.csproj", "{188F5B83-A850-4141-980F-477242621BBC}"
EndProject
Project("{9A19103F-16F7-4668-BE54-9A1E7A4F7556}") = "KlingerStore.Core.Domain", "src\KlingerStore.Core.Domain\KlingerStore.Core.Domain.csproj", "{EE3D2556-8716-4CA2-B2F3-17DB240F4587}"
EndProject
Project("{2150E333-8FDC-42A3-9474-1A3956D46DE8}") = "Test", "Test", "{4C672032-5A43-437E-805F-BFB034A1C10D}"
EndProject
Project("{9A19103F-16F7-4668-BE54-9A1E7A4F7556}") = "KlingerStore.Catalog.Domain.Tests", "tests\KlingerStore.Catalog.Domain.Tests\KlingerStore.Catalog.Domain.Tests.csproj", "{F436BFA8-C14F-4D20-9B8C-52D844E7D28F}"
EndProject
Project("{9A19103F-16F7-4668-BE54-9A1E7A4F7556}") = "KlingerStore.Catalog.Data", "src\KlingeStore.Catalog.Data\KlingerStore.Catalog.Data.csproj", "{818AAF1A-3D38-4ABD-B38B-C025530A6C6B}"
EndProject
Project("{9A19103F-16F7-4668-BE54-9A1E7A4F7556}") = "KlingerStore.Catalog.Application", "src\KlingerStore.Catalog.Application\KlingerStore.Catalog.Application.csproj", "{6E5D8226-523C-4444-8F44-35F45F896A01}"
EndProject
Project("{9A19103F-16F7-4668-BE54-9A1E7A4F7556}") = "KlingerStore.WebApp.Mvc", "src\KlingerStore.WebApp.Mvc\KlingerStore.WebApp.Mvc.csproj", "{41A4CD94-8D1B-4ABC-B90C-41189E7F4CDA}"
EndProject
Project("{9A19103F-16F7-4668-BE54-9A1E7A4F7556}") = "KlingerStore.Sales.Domain", "src\KlingerStore.Sales.Domain\KlingerStore.Sales.Domain.csproj", "{860CC7B5-7D90-4280-B4E8-D6E5FFF615F6}"
EndProject
Project("{9A19103F-16F7-4668-BE54-9A1E7A4F7556}") = "KlingerStore.Sales.Application", "src\KlingerStore.Sales.Application\KlingerStore.Sales.Application.csproj", "{1A2A1C5B-3690-4249-8879-56FD1B1D8F35}"
EndProject
Project("{9A19103F-16F7-4668-BE54-9A1E7A4F7556}") = "KlingerStore.Sales.Data", "src\KlingerStore.Sales.Data\KlingerStore.Sales.Data.csproj", "{FB880BAE-C2E1-4778-B551-26E7F85887F6}"
EndProject
Project("{9A19103F-16F7-4668-BE54-9A1E7A4F7556}") = "KlingerStore.Payment.Domain", "src\KlingerStore.Payment.Domain\KlingerStore.Payment.Domain.csproj", "{4C9A7806-BBF2-4359-A39B-927530322A87}"
EndProject
Project("{9A19103F-16F7-4668-BE54-9A1E7A4F7556}") = "KlingerStore.Payment.Data", "src\KlingerStore.Payment.Data\KlingerStore.Payment.Data.csproj", "{1CD4D776-23BC-446C-89D4-AE39ECD77F8B}"
EndProject
Project("{9A19103F-16F7-4668-BE54-9A1E7A4F7556}") = "KlingerStore.Payment.AntCorruption", "src\KlingerStore.Payment.AntCorruption\KlingerStore.Payment.AntCorruption.csproj", "{22E7266C-7E9D-4859-9415-805D6BBEC517}"
EndProject
Project("{2150E333-8FDC-42A3-9474-1A3956D46DE8}") = "BuildingBlocks", "BuildingBlocks", "{C21F95EB-A1ED-420A-A10B-3BA9FF71E2F7}"
EndProject
Project("{FAE04EC0-301F-11D3-BF4B-00C04F79EFBC}") = "KlingerStore.EventSourc", "src\KlingerStore.EventSourc\KlingerStore.EventSourc.csproj", "{4264C8FD-8A57-4419-93F9-5062C9C4618E}"
EndProject
Global
	GlobalSection(SolutionConfigurationPlatforms) = preSolution
		Debug|Any CPU = Debug|Any CPU
		Release|Any CPU = Release|Any CPU
	EndGlobalSection
	GlobalSection(ProjectConfigurationPlatforms) = postSolution
		{188F5B83-A850-4141-980F-477242621BBC}.Debug|Any CPU.ActiveCfg = Debug|Any CPU
		{188F5B83-A850-4141-980F-477242621BBC}.Debug|Any CPU.Build.0 = Debug|Any CPU
		{188F5B83-A850-4141-980F-477242621BBC}.Release|Any CPU.ActiveCfg = Release|Any CPU
		{188F5B83-A850-4141-980F-477242621BBC}.Release|Any CPU.Build.0 = Release|Any CPU
		{EE3D2556-8716-4CA2-B2F3-17DB240F4587}.Debug|Any CPU.ActiveCfg = Debug|Any CPU
		{EE3D2556-8716-4CA2-B2F3-17DB240F4587}.Debug|Any CPU.Build.0 = Debug|Any CPU
		{EE3D2556-8716-4CA2-B2F3-17DB240F4587}.Release|Any CPU.ActiveCfg = Release|Any CPU
		{EE3D2556-8716-4CA2-B2F3-17DB240F4587}.Release|Any CPU.Build.0 = Release|Any CPU
		{F436BFA8-C14F-4D20-9B8C-52D844E7D28F}.Debug|Any CPU.ActiveCfg = Debug|Any CPU
		{F436BFA8-C14F-4D20-9B8C-52D844E7D28F}.Debug|Any CPU.Build.0 = Debug|Any CPU
		{F436BFA8-C14F-4D20-9B8C-52D844E7D28F}.Release|Any CPU.ActiveCfg = Release|Any CPU
		{F436BFA8-C14F-4D20-9B8C-52D844E7D28F}.Release|Any CPU.Build.0 = Release|Any CPU
		{818AAF1A-3D38-4ABD-B38B-C025530A6C6B}.Debug|Any CPU.ActiveCfg = Debug|Any CPU
		{818AAF1A-3D38-4ABD-B38B-C025530A6C6B}.Debug|Any CPU.Build.0 = Debug|Any CPU
		{818AAF1A-3D38-4ABD-B38B-C025530A6C6B}.Release|Any CPU.ActiveCfg = Release|Any CPU
		{818AAF1A-3D38-4ABD-B38B-C025530A6C6B}.Release|Any CPU.Build.0 = Release|Any CPU
		{6E5D8226-523C-4444-8F44-35F45F896A01}.Debug|Any CPU.ActiveCfg = Debug|Any CPU
		{6E5D8226-523C-4444-8F44-35F45F896A01}.Debug|Any CPU.Build.0 = Debug|Any CPU
		{6E5D8226-523C-4444-8F44-35F45F896A01}.Release|Any CPU.ActiveCfg = Release|Any CPU
		{6E5D8226-523C-4444-8F44-35F45F896A01}.Release|Any CPU.Build.0 = Release|Any CPU
		{41A4CD94-8D1B-4ABC-B90C-41189E7F4CDA}.Debug|Any CPU.ActiveCfg = Debug|Any CPU
		{41A4CD94-8D1B-4ABC-B90C-41189E7F4CDA}.Debug|Any CPU.Build.0 = Debug|Any CPU
		{41A4CD94-8D1B-4ABC-B90C-41189E7F4CDA}.Release|Any CPU.ActiveCfg = Release|Any CPU
		{41A4CD94-8D1B-4ABC-B90C-41189E7F4CDA}.Release|Any CPU.Build.0 = Release|Any CPU
		{860CC7B5-7D90-4280-B4E8-D6E5FFF615F6}.Debug|Any CPU.ActiveCfg = Debug|Any CPU
		{860CC7B5-7D90-4280-B4E8-D6E5FFF615F6}.Debug|Any CPU.Build.0 = Debug|Any CPU
		{860CC7B5-7D90-4280-B4E8-D6E5FFF615F6}.Release|Any CPU.ActiveCfg = Release|Any CPU
		{860CC7B5-7D90-4280-B4E8-D6E5FFF615F6}.Release|Any CPU.Build.0 = Release|Any CPU
		{1A2A1C5B-3690-4249-8879-56FD1B1D8F35}.Debug|Any CPU.ActiveCfg = Debug|Any CPU
		{1A2A1C5B-3690-4249-8879-56FD1B1D8F35}.Debug|Any CPU.Build.0 = Debug|Any CPU
		{1A2A1C5B-3690-4249-8879-56FD1B1D8F35}.Release|Any CPU.ActiveCfg = Release|Any CPU
		{1A2A1C5B-3690-4249-8879-56FD1B1D8F35}.Release|Any CPU.Build.0 = Release|Any CPU
		{FB880BAE-C2E1-4778-B551-26E7F85887F6}.Debug|Any CPU.ActiveCfg = Debug|Any CPU
		{FB880BAE-C2E1-4778-B551-26E7F85887F6}.Debug|Any CPU.Build.0 = Debug|Any CPU
		{FB880BAE-C2E1-4778-B551-26E7F85887F6}.Release|Any CPU.ActiveCfg = Release|Any CPU
		{FB880BAE-C2E1-4778-B551-26E7F85887F6}.Release|Any CPU.Build.0 = Release|Any CPU
		{4C9A7806-BBF2-4359-A39B-927530322A87}.Debug|Any CPU.ActiveCfg = Debug|Any CPU
		{4C9A7806-BBF2-4359-A39B-927530322A87}.Debug|Any CPU.Build.0 = Debug|Any CPU
		{4C9A7806-BBF2-4359-A39B-927530322A87}.Release|Any CPU.ActiveCfg = Release|Any CPU
		{4C9A7806-BBF2-4359-A39B-927530322A87}.Release|Any CPU.Build.0 = Release|Any CPU
		{1CD4D776-23BC-446C-89D4-AE39ECD77F8B}.Debug|Any CPU.ActiveCfg = Debug|Any CPU
		{1CD4D776-23BC-446C-89D4-AE39ECD77F8B}.Debug|Any CPU.Build.0 = Debug|Any CPU
		{1CD4D776-23BC-446C-89D4-AE39ECD77F8B}.Release|Any CPU.ActiveCfg = Release|Any CPU
		{1CD4D776-23BC-446C-89D4-AE39ECD77F8B}.Release|Any CPU.Build.0 = Release|Any CPU
		{22E7266C-7E9D-4859-9415-805D6BBEC517}.Debug|Any CPU.ActiveCfg = Debug|Any CPU
		{22E7266C-7E9D-4859-9415-805D6BBEC517}.Debug|Any CPU.Build.0 = Debug|Any CPU
		{22E7266C-7E9D-4859-9415-805D6BBEC517}.Release|Any CPU.ActiveCfg = Release|Any CPU
		{22E7266C-7E9D-4859-9415-805D6BBEC517}.Release|Any CPU.Build.0 = Release|Any CPU
		{4264C8FD-8A57-4419-93F9-5062C9C4618E}.Debug|Any CPU.ActiveCfg = Debug|Any CPU
		{4264C8FD-8A57-4419-93F9-5062C9C4618E}.Debug|Any CPU.Build.0 = Debug|Any CPU
		{4264C8FD-8A57-4419-93F9-5062C9C4618E}.Release|Any CPU.ActiveCfg = Release|Any CPU
		{4264C8FD-8A57-4419-93F9-5062C9C4618E}.Release|Any CPU.Build.0 = Release|Any CPU
	EndGlobalSection
	GlobalSection(SolutionProperties) = preSolution
		HideSolutionNode = FALSE
	EndGlobalSection
	GlobalSection(NestedProjects) = preSolution
		{60E6CAE7-ABC5-4601-B2A0-49807C9F2FFD} = {0D70F8A7-0396-4E10-9492-7A0074E88DCD}
		{C7D1D6D7-49D2-4549-9C73-3135D95A88D4} = {0D70F8A7-0396-4E10-9492-7A0074E88DCD}
		{37A07A9D-2BB7-4E2F-8802-F25137C8F5D9} = {0D70F8A7-0396-4E10-9492-7A0074E88DCD}
		{5C2CC579-B9E0-4F41-B0AF-DF72A8324A0D} = {0D70F8A7-0396-4E10-9492-7A0074E88DCD}
		{1FE04C79-81FF-41E0-A3F9-7BB05F57B214} = {0D70F8A7-0396-4E10-9492-7A0074E88DCD}
		{58CAB463-9670-4E6F-9B12-79C0CBDE5B2D} = {0D70F8A7-0396-4E10-9492-7A0074E88DCD}
		{188F5B83-A850-4141-980F-477242621BBC} = {C7D1D6D7-49D2-4549-9C73-3135D95A88D4}
		{EE3D2556-8716-4CA2-B2F3-17DB240F4587} = {37A07A9D-2BB7-4E2F-8802-F25137C8F5D9}
		{4C672032-5A43-437E-805F-BFB034A1C10D} = {C7D1D6D7-49D2-4549-9C73-3135D95A88D4}
		{F436BFA8-C14F-4D20-9B8C-52D844E7D28F} = {4C672032-5A43-437E-805F-BFB034A1C10D}
		{818AAF1A-3D38-4ABD-B38B-C025530A6C6B} = {C7D1D6D7-49D2-4549-9C73-3135D95A88D4}
		{6E5D8226-523C-4444-8F44-35F45F896A01} = {C7D1D6D7-49D2-4549-9C73-3135D95A88D4}
		{41A4CD94-8D1B-4ABC-B90C-41189E7F4CDA} = {0785946F-2FBB-4202-B835-A1C63240F71E}
		{860CC7B5-7D90-4280-B4E8-D6E5FFF615F6} = {58CAB463-9670-4E6F-9B12-79C0CBDE5B2D}
		{1A2A1C5B-3690-4249-8879-56FD1B1D8F35} = {58CAB463-9670-4E6F-9B12-79C0CBDE5B2D}
		{FB880BAE-C2E1-4778-B551-26E7F85887F6} = {58CAB463-9670-4E6F-9B12-79C0CBDE5B2D}
		{4C9A7806-BBF2-4359-A39B-927530322A87} = {1FE04C79-81FF-41E0-A3F9-7BB05F57B214}
		{1CD4D776-23BC-446C-89D4-AE39ECD77F8B} = {1FE04C79-81FF-41E0-A3F9-7BB05F57B214}
		{22E7266C-7E9D-4859-9415-805D6BBEC517} = {1FE04C79-81FF-41E0-A3F9-7BB05F57B214}
		{4264C8FD-8A57-4419-93F9-5062C9C4618E} = {C21F95EB-A1ED-420A-A10B-3BA9FF71E2F7}
	EndGlobalSection
	GlobalSection(ExtensibilityGlobals) = postSolution
		SolutionGuid = {EB73A55E-067A-4DE0-8A19-AF524B4F8438}
	EndGlobalSection
EndGlobal
